
Microsoft Visual Studio Solution File, Format Version 12.00
# Visual Studio Version 17
VisualStudioVersion = 17.10.35027.167
MinimumVisualStudioVersion = 10.0.40219.1
Project("{FAE04EC0-301F-11D3-BF4B-00C04F79EFBC}") = "Calendario_Mes", "Calendario_Mes.csproj", "{7E39D06F-ECCE-4D80-87E1-1C338CFD894E}"
EndProject
Global
	GlobalSection(SolutionConfigurationPlatforms) = preSolution
		Debug|Any CPU = Debug|Any CPU
		Release|Any CPU = Release|Any CPU
	EndGlobalSection
	GlobalSection(ProjectConfigurationPlatforms) = postSolution
		{7E39D06F-ECCE-4D80-87E1-1C338CFD894E}.Debug|Any CPU.ActiveCfg = Debug|Any CPU
		{7E39D06F-ECCE-4D80-87E1-1C338CFD894E}.Debug|Any CPU.Build.0 = Debug|Any CPU
		{7E39D06F-ECCE-4D80-87E1-1C338CFD894E}.Release|Any CPU.ActiveCfg = Release|Any CPU
		{7E39D06F-ECCE-4D80-87E1-1C338CFD894E}.Release|Any CPU.Build.0 = Release|Any CPU
	EndGlobalSection
	GlobalSection(SolutionProperties) = preSolution
		HideSolutionNode = FALSE
	EndGlobalSection
	GlobalSection(ExtensibilityGlobals) = postSolution
		SolutionGuid = {E7A85F6E-5B55-4E01-A8C8-170EBCCB309C}
	EndGlobalSection
EndGlobal
